
Microsoft Visual Studio Solution File, Format Version 12.00
# Visual Studio Version 17
VisualStudioVersion = 17.11.35219.272
MinimumVisualStudioVersion = 10.0.40219.1
Project("{9A19103F-16F7-4668-BE54-9A1E7A4F7556}") = "IMS.WebApp", "IMS.WebApp\IMS.WebApp.csproj", "{F9B87652-9527-4610-B27A-ED835E55DE9B}"
EndProject
Project("{9A19103F-16F7-4668-BE54-9A1E7A4F7556}") = "IMS.UseCase", "IMS.UseCase\IMS.UseCase.csproj", "{7C34BF75-27B7-47B8-BF2F-E5BF08C779B9}"
EndProject
Project("{9A19103F-16F7-4668-BE54-9A1E7A4F7556}") = "IMS.CoreBusinsess", "IMS.CoreBusinsess\IMS.CoreBusinsess.csproj", "{762B53B3-00EA-4F55-B05C-8AF319DC9321}"
EndProject
Project("{2150E333-8FDC-42A3-9474-1A3956D46DE8}") = "IMS.Plugins", "IMS.Plugins", "{94DC7331-EFAC-446F-8AE1-07698F6383F1}"
EndProject
Project("{9A19103F-16F7-4668-BE54-9A1E7A4F7556}") = "IMS.Plugins.InMemory", "IMS.Plugins.InMemory\IMS.Plugins.InMemory.csproj", "{B61EF1B2-CACA-4C2D-A49C-A267A989C4F5}"
EndProject
Project("{FAE04EC0-301F-11D3-BF4B-00C04F79EFBC}") = "IMS.WebApi", "IMS.WebApi\IMS.WebApi.csproj", "{10565695-F078-40EE-92F7-9EBB2F268C47}"
EndProject
Project("{FAE04EC0-301F-11D3-BF4B-00C04F79EFBC}") = "IMS.Domain", "IMS.Domain\IMS.Domain.csproj", "{44FE5237-37D9-4770-949F-B1D79583A139}"
EndProject
Project("{FAE04EC0-301F-11D3-BF4B-00C04F79EFBC}") = "IMS.Application", "IMS.Application\IMS.Application.csproj", "{22444EFA-13E9-4164-AD85-A121ED02F58B}"
EndProject
Project("{FAE04EC0-301F-11D3-BF4B-00C04F79EFBC}") = "IMS.Infrastructure", "IMS.Infrastructure\IMS.Infrastructure.csproj", "{DD846655-3953-42A7-BC34-A9A93ABD9306}"
EndProject
Global
	GlobalSection(SolutionConfigurationPlatforms) = preSolution
		Debug|Any CPU = Debug|Any CPU
		Release|Any CPU = Release|Any CPU
	EndGlobalSection
	GlobalSection(ProjectConfigurationPlatforms) = postSolution
		{F9B87652-9527-4610-B27A-ED835E55DE9B}.Debug|Any CPU.ActiveCfg = Debug|Any CPU
		{F9B87652-9527-4610-B27A-ED835E55DE9B}.Debug|Any CPU.Build.0 = Debug|Any CPU
		{F9B87652-9527-4610-B27A-ED835E55DE9B}.Release|Any CPU.ActiveCfg = Release|Any CPU
		{F9B87652-9527-4610-B27A-ED835E55DE9B}.Release|Any CPU.Build.0 = Release|Any CPU
		{7C34BF75-27B7-47B8-BF2F-E5BF08C779B9}.Debug|Any CPU.ActiveCfg = Debug|Any CPU
		{7C34BF75-27B7-47B8-BF2F-E5BF08C779B9}.Debug|Any CPU.Build.0 = Debug|Any CPU
		{7C34BF75-27B7-47B8-BF2F-E5BF08C779B9}.Release|Any CPU.ActiveCfg = Release|Any CPU
		{7C34BF75-27B7-47B8-BF2F-E5BF08C779B9}.Release|Any CPU.Build.0 = Release|Any CPU
		{762B53B3-00EA-4F55-B05C-8AF319DC9321}.Debug|Any CPU.ActiveCfg = Debug|Any CPU
		{762B53B3-00EA-4F55-B05C-8AF319DC9321}.Debug|Any CPU.Build.0 = Debug|Any CPU
		{762B53B3-00EA-4F55-B05C-8AF319DC9321}.Release|Any CPU.ActiveCfg = Release|Any CPU
		{762B53B3-00EA-4F55-B05C-8AF319DC9321}.Release|Any CPU.Build.0 = Release|Any CPU
		{B61EF1B2-CACA-4C2D-A49C-A267A989C4F5}.Debug|Any CPU.ActiveCfg = Debug|Any CPU
		{B61EF1B2-CACA-4C2D-A49C-A267A989C4F5}.Debug|Any CPU.Build.0 = Debug|Any CPU
		{B61EF1B2-CACA-4C2D-A49C-A267A989C4F5}.Release|Any CPU.ActiveCfg = Release|Any CPU
		{B61EF1B2-CACA-4C2D-A49C-A267A989C4F5}.Release|Any CPU.Build.0 = Release|Any CPU
		{10565695-F078-40EE-92F7-9EBB2F268C47}.Debug|Any CPU.ActiveCfg = Debug|Any CPU
		{10565695-F078-40EE-92F7-9EBB2F268C47}.Debug|Any CPU.Build.0 = Debug|Any CPU
		{10565695-F078-40EE-92F7-9EBB2F268C47}.Release|Any CPU.ActiveCfg = Release|Any CPU
		{10565695-F078-40EE-92F7-9EBB2F268C47}.Release|Any CPU.Build.0 = Release|Any CPU
		{44FE5237-37D9-4770-949F-B1D79583A139}.Debug|Any CPU.ActiveCfg = Debug|Any CPU
		{44FE5237-37D9-4770-949F-B1D79583A139}.Debug|Any CPU.Build.0 = Debug|Any CPU
		{44FE5237-37D9-4770-949F-B1D79583A139}.Release|Any CPU.ActiveCfg = Release|Any CPU
		{44FE5237-37D9-4770-949F-B1D79583A139}.Release|Any CPU.Build.0 = Release|Any CPU
		{22444EFA-13E9-4164-AD85-A121ED02F58B}.Debug|Any CPU.ActiveCfg = Debug|Any CPU
		{22444EFA-13E9-4164-AD85-A121ED02F58B}.Debug|Any CPU.Build.0 = Debug|Any CPU
		{22444EFA-13E9-4164-AD85-A121ED02F58B}.Release|Any CPU.ActiveCfg = Release|Any CPU
		{22444EFA-13E9-4164-AD85-A121ED02F58B}.Release|Any CPU.Build.0 = Release|Any CPU
		{DD846655-3953-42A7-BC34-A9A93ABD9306}.Debug|Any CPU.ActiveCfg = Debug|Any CPU
		{DD846655-3953-42A7-BC34-A9A93ABD9306}.Debug|Any CPU.Build.0 = Debug|Any CPU
		{DD846655-3953-42A7-BC34-A9A93ABD9306}.Release|Any CPU.ActiveCfg = Release|Any CPU
		{DD846655-3953-42A7-BC34-A9A93ABD9306}.Release|Any CPU.Build.0 = Release|Any CPU
	EndGlobalSection
	GlobalSection(SolutionProperties) = preSolution
		HideSolutionNode = FALSE
	EndGlobalSection
	GlobalSection(NestedProjects) = preSolution
		{B61EF1B2-CACA-4C2D-A49C-A267A989C4F5} = {94DC7331-EFAC-446F-8AE1-07698F6383F1}
	EndGlobalSection
	GlobalSection(ExtensibilityGlobals) = postSolution
		SolutionGuid = {E719CF80-7278-4AA5-B5BD-9ACF03FB4F5B}
	EndGlobalSection
EndGlobal
